
Microsoft Visual Studio Solution File, Format Version 12.00
# Visual Studio Version 16
VisualStudioVersion = 25.0.1703.6
MinimumVisualStudioVersion = 10.0.40219.1
Project("{FAE04EC0-301F-11D3-BF4B-00C04F79EFBC}") = "Fourthone", "Fourthone\Fourthone.csproj", "{D4F8106F-3BA8-4529-828C-251262C1AF82}"
EndProject
Global
	GlobalSection(SolutionConfigurationPlatforms) = preSolution
		Debug|Any CPU = Debug|Any CPU
		Release|Any CPU = Release|Any CPU
	EndGlobalSection
	GlobalSection(ProjectConfigurationPlatforms) = postSolution
		{D4F8106F-3BA8-4529-828C-251262C1AF82}.Debug|Any CPU.ActiveCfg = Debug|Any CPU
		{D4F8106F-3BA8-4529-828C-251262C1AF82}.Debug|Any CPU.Build.0 = Debug|Any CPU
		{D4F8106F-3BA8-4529-828C-251262C1AF82}.Release|Any CPU.ActiveCfg = Release|Any CPU
		{D4F8106F-3BA8-4529-828C-251262C1AF82}.Release|Any CPU.Build.0 = Release|Any CPU
	EndGlobalSection
	GlobalSection(SolutionProperties) = preSolution
		HideSolutionNode = FALSE
	EndGlobalSection
	GlobalSection(ExtensibilityGlobals) = postSolution
		SolutionGuid = {4C0F1096-4AC1-4C83-B3EC-8B5927EDA026}
	EndGlobalSection
EndGlobal
